Microsoft Visual Studio Solution File, Format Version 12.00
# Visual Studio Version 17
VisualStudioVersion = 17.2.32519.379
MinimumVisualStudioVersion = 15.0.26124.0
Project("{9A19103F-16F7-4668-BE54-9A1E7A4F7556}") = "Hackney.Shared.Processes", "Hackney.Shared.Processes\Hackney.Shared.Processes.csproj", "{B1CD2362-C6C1-4C62-81A9-D2715B1B4220}"
EndProject
Project("{9A19103F-16F7-4668-BE54-9A1E7A4F7556}") = "Hackney.Shared.Processes.Tests", "Hackney.Shared.Processes.Tests\Hackney.Shared.Processes.Tests.csproj", "{3927E1E8-6F5E-4551-A192-D0E52AD86A32}"
EndProject
Global
	GlobalSection(SolutionConfigurationPlatforms) = preSolution
		Debug|Any CPU = Debug|Any CPU
		Debug|x64 = Debug|x64
		Debug|x86 = Debug|x86
		Release|Any CPU = Release|Any CPU
		Release|x64 = Release|x64
		Release|x86 = Release|x86
	EndGlobalSection
	GlobalSection(ProjectConfigurationPlatforms) = postSolution
		{B1CD2362-C6C1-4C62-81A9-D2715B1B4220}.Debug|Any CPU.ActiveCfg = Debug|Any CPU
		{B1CD2362-C6C1-4C62-81A9-D2715B1B4220}.Debug|Any CPU.Build.0 = Debug|Any CPU
		{B1CD2362-C6C1-4C62-81A9-D2715B1B4220}.Debug|x64.ActiveCfg = Debug|Any CPU
		{B1CD2362-C6C1-4C62-81A9-D2715B1B4220}.Debug|x64.Build.0 = Debug|Any CPU
		{B1CD2362-C6C1-4C62-81A9-D2715B1B4220}.Debug|x86.ActiveCfg = Debug|Any CPU
		{B1CD2362-C6C1-4C62-81A9-D2715B1B4220}.Debug|x86.Build.0 = Debug|Any CPU
		{B1CD2362-C6C1-4C62-81A9-D2715B1B4220}.Release|Any CPU.ActiveCfg = Release|Any CPU
		{B1CD2362-C6C1-4C62-81A9-D2715B1B4220}.Release|Any CPU.Build.0 = Release|Any CPU
		{B1CD2362-C6C1-4C62-81A9-D2715B1B4220}.Release|x64.ActiveCfg = Release|Any CPU
		{B1CD2362-C6C1-4C62-81A9-D2715B1B4220}.Release|x64.Build.0 = Release|Any CPU
		{B1CD2362-C6C1-4C62-81A9-D2715B1B4220}.Release|x86.ActiveCfg = Release|Any CPU
		{B1CD2362-C6C1-4C62-81A9-D2715B1B4220}.Release|x86.Build.0 = Release|Any CPU
		{3927E1E8-6F5E-4551-A192-D0E52AD86A32}.Debug|Any CPU.ActiveCfg = Debug|Any CPU
		{3927E1E8-6F5E-4551-A192-D0E52AD86A32}.Debug|Any CPU.Build.0 = Debug|Any CPU
		{3927E1E8-6F5E-4551-A192-D0E52AD86A32}.Debug|x64.ActiveCfg = Debug|Any CPU
		{3927E1E8-6F5E-4551-A192-D0E52AD86A32}.Debug|x64.Build.0 = Debug|Any CPU
		{3927E1E8-6F5E-4551-A192-D0E52AD86A32}.Debug|x86.ActiveCfg = Debug|Any CPU
		{3927E1E8-6F5E-4551-A192-D0E52AD86A32}.Debug|x86.Build.0 = Debug|Any CPU
		{3927E1E8-6F5E-4551-A192-D0E52AD86A32}.Release|Any CPU.ActiveCfg = Release|Any CPU
		{3927E1E8-6F5E-4551-A192-D0E52AD86A32}.Release|Any CPU.Build.0 = Release|Any CPU
		{3927E1E8-6F5E-4551-A192-D0E52AD86A32}.Release|x64.ActiveCfg = Release|Any CPU
		{3927E1E8-6F5E-4551-A192-D0E52AD86A32}.Release|x64.Build.0 = Release|Any CPU
		{3927E1E8-6F5E-4551-A192-D0E52AD86A32}.Release|x86.ActiveCfg = Release|Any CPU
		{3927E1E8-6F5E-4551-A192-D0E52AD86A32}.Release|x86.Build.0 = Release|Any CPU
	EndGlobalSection
	GlobalSection(SolutionProperties) = preSolution
		HideSolutionNode = FALSE
	EndGlobalSection
	GlobalSection(ExtensibilityGlobals) = postSolution
		SolutionGuid = {E8861120-6535-47B8-AF0E-46946B2565F7}
	EndGlobalSection
EndGlobal
